
Microsoft Visual Studio Solution File, Format Version 12.00
# Visual Studio Version 16
VisualStudioVersion = 16.0.31702.278
MinimumVisualStudioVersion = 10.0.40219.1
Project("{9A19103F-16F7-4668-BE54-9A1E7A4F7556}") = "OneBlockChallenge", "OneBlockChallenge.csproj", "{DB9373F7-4A13-4A73-9467-B98DC27DCE5F}"
EndProject
Global
	GlobalSection(SolutionConfigurationPlatforms) = preSolution
		Debug|Any CPU = Debug|Any CPU
		Release|Any CPU = Release|Any CPU
	EndGlobalSection
	GlobalSection(ProjectConfigurationPlatforms) = postSolution
		{DB9373F7-4A13-4A73-9467-B98DC27DCE5F}.Debug|Any CPU.ActiveCfg = Debug|Any CPU
		{DB9373F7-4A13-4A73-9467-B98DC27DCE5F}.Debug|Any CPU.Build.0 = Debug|Any CPU
		{DB9373F7-4A13-4A73-9467-B98DC27DCE5F}.Release|Any CPU.ActiveCfg = Release|Any CPU
		{DB9373F7-4A13-4A73-9467-B98DC27DCE5F}.Release|Any CPU.Build.0 = Release|Any CPU
	EndGlobalSection
	GlobalSection(SolutionProperties) = preSolution
		HideSolutionNode = FALSE
	EndGlobalSection
	GlobalSection(ExtensibilityGlobals) = postSolution
		SolutionGuid = {CB98A540-4028-4E83-8643-06C5F2646F88}
	EndGlobalSection
EndGlobal
